
Microsoft Visual Studio Solution File, Format Version 12.00
# Visual Studio 15
Project("{FAE04EC0-301F-11D3-BF4B-00C04F79EFBC}") = "AYellowpaper.SerializedCollections", "AYellowpaper.SerializedCollections.csproj", "{335D2A98-9F8D-B243-E22B-F02A2F6B241D}"
EndProject
Project("{FAE04EC0-301F-11D3-BF4B-00C04F79EFBC}") = "Assembly-CSharp", "Assembly-CSharp.csproj", "{BA7F650C-AE97-7B88-474F-C7236F20DE83}"
EndProject
Project("{FAE04EC0-301F-11D3-BF4B-00C04F79EFBC}") = "Assembly-CSharp-firstpass", "Assembly-CSharp-firstpass.csproj", "{CC680F50-6CAE-3621-AE10-ECF0E3B71AFD}"
EndProject
Project("{FAE04EC0-301F-11D3-BF4B-00C04F79EFBC}") = "AYellowpaper.SerializedCollections.Editor", "AYellowpaper.SerializedCollections.Editor.csproj", "{D5F44B61-1F63-2B0A-C177-5440BA8E5D3D}"
EndProject
Project("{FAE04EC0-301F-11D3-BF4B-00C04F79EFBC}") = "Assembly-CSharp-Editor", "Assembly-CSharp-Editor.csproj", "{13C38AF2-4A2B-3A2F-E121-B75BCA6C6D95}"
EndProject
Global
	GlobalSection(SolutionConfigurationPlatforms) = preSolution
		Debug|Any CPU = Debug|Any CPU
		Release|Any CPU = Release|Any CPU
	EndGlobalSection
	GlobalSection(ProjectConfigurationPlatforms) = postSolution
		{335D2A98-9F8D-B243-E22B-F02A2F6B241D}.Debug|Any CPU.ActiveCfg = Debug|Any CPU
		{335D2A98-9F8D-B243-E22B-F02A2F6B241D}.Debug|Any CPU.Build.0 = Debug|Any CPU
		{335D2A98-9F8D-B243-E22B-F02A2F6B241D}.Release|Any CPU.ActiveCfg = Release|Any CPU
		{335D2A98-9F8D-B243-E22B-F02A2F6B241D}.Release|Any CPU.Build.0 = Release|Any CPU
		{BA7F650C-AE97-7B88-474F-C7236F20DE83}.Debug|Any CPU.ActiveCfg = Debug|Any CPU
		{BA7F650C-AE97-7B88-474F-C7236F20DE83}.Debug|Any CPU.Build.0 = Debug|Any CPU
		{BA7F650C-AE97-7B88-474F-C7236F20DE83}.Release|Any CPU.ActiveCfg = Release|Any CPU
		{BA7F650C-AE97-7B88-474F-C7236F20DE83}.Release|Any CPU.Build.0 = Release|Any CPU
		{CC680F50-6CAE-3621-AE10-ECF0E3B71AFD}.Debug|Any CPU.ActiveCfg = Debug|Any CPU
		{CC680F50-6CAE-3621-AE10-ECF0E3B71AFD}.Debug|Any CPU.Build.0 = Debug|Any CPU
		{CC680F50-6CAE-3621-AE10-ECF0E3B71AFD}.Release|Any CPU.ActiveCfg = Release|Any CPU
		{CC680F50-6CAE-3621-AE10-ECF0E3B71AFD}.Release|Any CPU.Build.0 = Release|Any CPU
		{D5F44B61-1F63-2B0A-C177-5440BA8E5D3D}.Debug|Any CPU.ActiveCfg = Debug|Any CPU
		{D5F44B61-1F63-2B0A-C177-5440BA8E5D3D}.Debug|Any CPU.Build.0 = Debug|Any CPU
		{D5F44B61-1F63-2B0A-C177-5440BA8E5D3D}.Release|Any CPU.ActiveCfg = Release|Any CPU
		{D5F44B61-1F63-2B0A-C177-5440BA8E5D3D}.Release|Any CPU.Build.0 = Release|Any CPU
		{13C38AF2-4A2B-3A2F-E121-B75BCA6C6D95}.Debug|Any CPU.ActiveCfg = Debug|Any CPU
		{13C38AF2-4A2B-3A2F-E121-B75BCA6C6D95}.Debug|Any CPU.Build.0 = Debug|Any CPU
		{13C38AF2-4A2B-3A2F-E121-B75BCA6C6D95}.Release|Any CPU.ActiveCfg = Release|Any CPU
		{13C38AF2-4A2B-3A2F-E121-B75BCA6C6D95}.Release|Any CPU.Build.0 = Release|Any CPU
	EndGlobalSection
	GlobalSection(SolutionProperties) = preSolution
		HideSolutionNode = FALSE
	EndGlobalSection
EndGlobal
